{
  "name": "desktop-interaction",
  "lockfileVersion": 2,
  "requires": true,
  "packages": {
    "": {
      "dependencies": {
        "bootstrap": "^5.2.3",
        "eel": "^0.1.1",
        "plotly.js-dist": "^2.18.0"
      }
    },
    "node_modules/@popperjs/core": {
      "version": "2.11.6",
      "resolved": "https://registry.npmjs.org/@popperjs/core/-/core-2.11.6.tgz",
      "integrity": "sha512-50/17A98tWUfQ176raKiOGXuYpLyyVMkxxG6oylzL3BPOlA6ADGdK7EYunSa4I064xerltq9TGXs8HmOk5E+vw==",
      "peer": true,
      "funding": {
        "type": "opencollective",
        "url": "https://opencollective.com/popperjs"
      }
    },
    "node_modules/bootstrap": {
      "version": "5.2.3",
      "resolved": "https://registry.npmjs.org/bootstrap/-/bootstrap-5.2.3.tgz",
      "integrity": "sha512-cEKPM+fwb3cT8NzQZYEu4HilJ3anCrWqh3CHAok1p9jXqMPsPTBhU25fBckEJHJ/p+tTxTFTsFQGM+gaHpi3QQ==",
      "funding": [
        {
          "type": "github",
          "url": "https://github.com/sponsors/twbs"
        },
        {
          "type": "opencollective",
          "url": "https://opencollective.com/bootstrap"
        }
      ],
      "peerDependencies": {
        "@popperjs/core": "^2.11.6"
      }
    },
    "node_modules/eel": {
      "version": "0.1.1",
      "resolved": "https://registry.npmjs.org/eel/-/eel-0.1.1.tgz",
      "integrity": "sha512-wTcKza3hrZrEUNky5x5LiXwmXuRBSqR3mjNrNKfytOVIOyJhs4NeQ/D7NBbwX6Hzy2YLGtogx7TTV9heZvaUDg==",
      "dependencies": {
        "reloadable": "*",
        "to-bytes": "0.0.0",
        "traverse": "*"
      },
      "engines": {
        "node": "*"
      }
    },
    "node_modules/plotly.js-dist": {
      "version": "2.18.0",
      "resolved": "https://registry.npmjs.org/plotly.js-dist/-/plotly.js-dist-2.18.0.tgz",
      "integrity": "sha512-NdxvLVFVvMhi/Tgo6anYwxrRFauet8PX1ub3Ja2CXsDW+5Gk9LZ4p6FE6+3WiByZH2Z7QDRHzIQb+u0KBPUGxw=="
    },
    "node_modules/reloadable": {
      "version": "0.0.3",
      "resolved": "https://registry.npmjs.org/reloadable/-/reloadable-0.0.3.tgz",
      "integrity": "sha512-BRV9wwU5/IWUI2D7RgTTqkxplvAy6OixDvtorkGm9sYQYVT99YNb5vfw2zu3rHk1XJniliRNMBMEbCD6w4UrCg==",
      "engines": {
        "node": "*"
      }
    },
    "node_modules/to-bytes": {
      "version": "0.0.0",
      "resolved": "https://registry.npmjs.org/to-bytes/-/to-bytes-0.0.0.tgz",
      "integrity": "sha512-r9VqNM1Ke58lMlatXVg1bZJs655NpZIFNYHPgnL2uJ6mTbO2MGa5Ftf5T5mZvmNLaAfBR3FIs034/2fCHAPR0g==",
      "engines": {
        "node": "*"
      }
    },
    "node_modules/traverse": {
      "version": "0.6.7",
      "resolved": "https://registry.npmjs.org/traverse/-/traverse-0.6.7.tgz",
      "integrity": "sha512-/y956gpUo9ZNCb99YjxG7OaslxZWHfCHAUUfshwqOXmxUIvqLjVO581BT+gM59+QV9tFe6/CGG53tsA1Y7RSdg==",
      "funding": {
        "url": "https://github.com/sponsors/ljharb"
      }
    }
  },
  "dependencies": {
    "@popperjs/core": {
      "version": "2.11.6",
      "resolved": "https://registry.npmjs.org/@popperjs/core/-/core-2.11.6.tgz",
      "integrity": "sha512-50/17A98tWUfQ176raKiOGXuYpLyyVMkxxG6oylzL3BPOlA6ADGdK7EYunSa4I064xerltq9TGXs8HmOk5E+vw==",
      "peer": true
    },
    "bootstrap": {
      "version": "5.2.3",
      "resolved": "https://registry.npmjs.org/bootstrap/-/bootstrap-5.2.3.tgz",
      "integrity": "sha512-cEKPM+fwb3cT8NzQZYEu4HilJ3anCrWqh3CHAok1p9jXqMPsPTBhU25fBckEJHJ/p+tTxTFTsFQGM+gaHpi3QQ==",
      "requires": {}
    },
    "eel": {
      "version": "0.1.1",
      "resolved": "https://registry.npmjs.org/eel/-/eel-0.1.1.tgz",
      "integrity": "sha512-wTcKza3hrZrEUNky5x5LiXwmXuRBSqR3mjNrNKfytOVIOyJhs4NeQ/D7NBbwX6Hzy2YLGtogx7TTV9heZvaUDg==",
      "requires": {
        "reloadable": "*",
        "to-bytes": "0.0.0",
        "traverse": "*"
      }
    },
    "plotly.js-dist": {
      "version": "2.18.0",
      "resolved": "https://registry.npmjs.org/plotly.js-dist/-/plotly.js-dist-2.18.0.tgz",
      "integrity": "sha512-NdxvLVFVvMhi/Tgo6anYwxrRFauet8PX1ub3Ja2CXsDW+5Gk9LZ4p6FE6+3WiByZH2Z7QDRHzIQb+u0KBPUGxw=="
    },
    "reloadable": {
      "version": "0.0.3",
      "resolved": "https://registry.npmjs.org/reloadable/-/reloadable-0.0.3.tgz",
      "integrity": "sha512-BRV9wwU5/IWUI2D7RgTTqkxplvAy6OixDvtorkGm9sYQYVT99YNb5vfw2zu3rHk1XJniliRNMBMEbCD6w4UrCg=="
    },
    "to-bytes": {
      "version": "0.0.0",
      "resolved": "https://registry.npmjs.org/to-bytes/-/to-bytes-0.0.0.tgz",
      "integrity": "sha512-r9VqNM1Ke58lMlatXVg1bZJs655NpZIFNYHPgnL2uJ6mTbO2MGa5Ftf5T5mZvmNLaAfBR3FIs034/2fCHAPR0g=="
    },
    "traverse": {
      "version": "0.6.7",
      "resolved": "https://registry.npmjs.org/traverse/-/traverse-0.6.7.tgz",
      "integrity": "sha512-/y956gpUo9ZNCb99YjxG7OaslxZWHfCHAUUfshwqOXmxUIvqLjVO581BT+gM59+QV9tFe6/CGG53tsA1Y7RSdg=="
    }
  }
}
